// !$*UTF8*$!
{
	archiveVersion = 1;
	classes = {
	};
	objectVersion = 56;
	objects = {

/* Begin PBXBuildFile section */
		6C5A159D29EFB6AE0002FD72 /* AppDelegate.swift in Sources */ = {isa = PBXBuildFile; fileRef = 6C5A159C29EFB6AE0002FD72 /* AppDelegate.swift */; };
		6C5A159F29EFB6AE0002FD72 /* SceneDelegate.swift in Sources */ = {isa = PBXBuildFile; fileRef = 6C5A159E29EFB6AE0002FD72 /* SceneDelegate.swift */; };
		6C5A15A129EFB6AE0002FD72 /* MainViewController.swift in Sources */ = {isa = PBXBuildFile; fileRef = 6C5A15A029EFB6AE0002FD72 /* MainViewController.swift */; };
		6C5A15A429EFB6AE0002FD72 /* Main.storyboard in Resources */ = {isa = PBXBuildFile; fileRef = 6C5A15A229EFB6AE0002FD72 /* Main.storyboard */; };
		6C5A15A629EFB6B00002FD72 /* Assets.xcassets in Resources */ = {isa = PBXBuildFile; fileRef = 6C5A15A529EFB6B00002FD72 /* Assets.xcassets */; };
		6C5A15A929EFB6B00002FD72 /* LaunchScreen.storyboard in Resources */ = {isa = PBXBuildFile; fileRef = 6C5A15A729EFB6B00002FD72 /* LaunchScreen.storyboard */; };
		6C5A15B429EFCFB20002FD72 /* Raleway-Black.ttf in Resources */ = {isa = PBXBuildFile; fileRef = 6C5A15B329EFCFB20002FD72 /* Raleway-Black.ttf */; };
		6C5A15B629EFCFC00002FD72 /* Raleway-Light.ttf in Resources */ = {isa = PBXBuildFile; fileRef = 6C5A15B529EFCFC00002FD72 /* Raleway-Light.ttf */; };
		6C5A15B829EFCFCA0002FD72 /* Raleway-Regular.ttf in Resources */ = {isa = PBXBuildFile; fileRef = 6C5A15B729EFCFCA0002FD72 /* Raleway-Regular.ttf */; };
		6C5A15CB29EFD09F0002FD72 /* Raleway-Bold.ttf in Resources */ = {isa = PBXBuildFile; fileRef = 6C5A15B929EFD09E0002FD72 /* Raleway-Bold.ttf */; };
		6C5A15CC29EFD09F0002FD72 /* Raleway-ThinItalic.ttf in Resources */ = {isa = PBXBuildFile; fileRef = 6C5A15BA29EFD09E0002FD72 /* Raleway-ThinItalic.ttf */; };
		6C5A15CD29EFD09F0002FD72 /* Raleway-Italic.ttf in Resources */ = {isa = PBXBuildFile; fileRef = 6C5A15BB29EFD09E0002FD72 /* Raleway-Italic.ttf */; };
		6C5A15CF29EFD09F0002FD72 /* Raleway-ExtraLight.ttf in Resources */ = {isa = PBXBuildFile; fileRef = 6C5A15BD29EFD09E0002FD72 /* Raleway-ExtraLight.ttf */; };
		6C5A15D229EFD09F0002FD72 /* Raleway-LightItalic.ttf in Resources */ = {isa = PBXBuildFile; fileRef = 6C5A15C029EFD09E0002FD72 /* Raleway-LightItalic.ttf */; };
		6C5A15D329EFD09F0002FD72 /* Raleway-SemiBold.ttf in Resources */ = {isa = PBXBuildFile; fileRef = 6C5A15C129EFD09E0002FD72 /* Raleway-SemiBold.ttf */; };
		6C5A15D429EFD09F0002FD72 /* Raleway-Medium.ttf in Resources */ = {isa = PBXBuildFile; fileRef = 6C5A15C229EFD09E0002FD72 /* Raleway-Medium.ttf */; };
		6C5A15D529EFD09F0002FD72 /* Raleway-BlackItalic.ttf in Resources */ = {isa = PBXBuildFile; fileRef = 6C5A15C329EFD09E0002FD72 /* Raleway-BlackItalic.ttf */; };
		6C5A15D629EFD09F0002FD72 /* Raleway-ExtraLightItalic.ttf in Resources */ = {isa = PBXBuildFile; fileRef = 6C5A15C429EFD09E0002FD72 /* Raleway-ExtraLightItalic.ttf */; };
		6C5A15D729EFD09F0002FD72 /* Raleway-MediumItalic.ttf in Resources */ = {isa = PBXBuildFile; fileRef = 6C5A15C529EFD09E0002FD72 /* Raleway-MediumItalic.ttf */; };
		6C5A15D829EFD09F0002FD72 /* Raleway-SemiBoldItalic.ttf in Resources */ = {isa = PBXBuildFile; fileRef = 6C5A15C629EFD09E0002FD72 /* Raleway-SemiBoldItalic.ttf */; };
		6C5A15D929EFD09F0002FD72 /* Raleway-Thin.ttf in Resources */ = {isa = PBXBuildFile; fileRef = 6C5A15C729EFD09F0002FD72 /* Raleway-Thin.ttf */; };
		6C5A15DA29EFD09F0002FD72 /* Raleway-ExtraBold.ttf in Resources */ = {isa = PBXBuildFile; fileRef = 6C5A15C829EFD09F0002FD72 /* Raleway-ExtraBold.ttf */; };
		6C5A15DB29EFD09F0002FD72 /* Raleway-ExtraBoldItalic.ttf in Resources */ = {isa = PBXBuildFile; fileRef = 6C5A15C929EFD09F0002FD72 /* Raleway-ExtraBoldItalic.ttf */; };
		6C5A15DC29EFD09F0002FD72 /* Raleway-BoldItalic.ttf in Resources */ = {isa = PBXBuildFile; fileRef = 6C5A15CA29EFD09F0002FD72 /* Raleway-BoldItalic.ttf */; };
		6C5A15DE29EFD52A0002FD72 /* Globals.swift in Sources */ = {isa = PBXBuildFile; fileRef = 6C5A15DD29EFD52A0002FD72 /* Globals.swift */; };
		6C63906C29F12DA900843908 /* AdviceViewController.swift in Sources */ = {isa = PBXBuildFile; fileRef = 6C63906B29F12DA900843908 /* AdviceViewController.swift */; };
		6CF4737229EFF61C0018E357 /* WeatherAPICaller.swift in Sources */ = {isa = PBXBuildFile; fileRef = 6CF4737129EFF61C0018E357 /* WeatherAPICaller.swift */; };
		6CF4737529F003F70018E357 /* CurrentWeather.swift in Sources */ = {isa = PBXBuildFile; fileRef = 6CF4737429F003F70018E357 /* CurrentWeather.swift */; };
		796306AB5DB9BC1C55F841B4 /* Pods_simpleWeatherApp.framework in Frameworks */ = {isa = PBXBuildFile; fileRef = 129A58C304030AEE3E8F58F7 /* Pods_simpleWeatherApp.framework */; };
/* End PBXBuildFile section */

/* Begin PBXFileReference section */
		129A58C304030AEE3E8F58F7 /* Pods_simpleWeatherApp.framework */ = {isa = PBXFileReference; explicitFileType = wrapper.framework; includeInIndex = 0; path = Pods_simpleWeatherApp.framework; sourceTree = BUILT_PRODUCTS_DIR; };
		330EB33FC7149B2640D5B80F /* Pods-simpleWeatherApp.release.xcconfig */ = {isa = PBXFileReference; includeInIndex = 1; lastKnownFileType = text.xcconfig; name = "Pods-simpleWeatherApp.release.xcconfig"; path = "Target Support Files/Pods-simpleWeatherApp/Pods-simpleWeatherApp.release.xcconfig"; sourceTree = "<group>"; };
		6C5A159929EFB6AE0002FD72 /* simpleWeatherApp.app */ = {isa = PBXFileReference; explicitFileType = wrapper.application; includeInIndex = 0; path = simpleWeatherApp.app; sourceTree = BUILT_PRODUCTS_DIR; };
		6C5A159C29EFB6AE0002FD72 /* AppDelegate.swift */ = {isa = PBXFileReference; lastKnownFileType = sourcecode.swift; path = AppDelegate.swift; sourceTree = "<group>"; };
		6C5A159E29EFB6AE0002FD72 /* SceneDelegate.swift */ = {isa = PBXFileReference; lastKnownFileType = sourcecode.swift; path = SceneDelegate.swift; sourceTree = "<group>"; };
		6C5A15A029EFB6AE0002FD72 /* MainViewController.swift */ = {isa = PBXFileReference; lastKnownFileType = sourcecode.swift; path = MainViewController.swift; sourceTree = "<group>"; };
		6C5A15A329EFB6AE0002FD72 /* Base */ = {isa = PBXFileReference; lastKnownFileType = file.storyboard; name = Base; path = Base.lproj/Main.storyboard; sourceTree = "<group>"; };
		6C5A15A529EFB6B00002FD72 /* Assets.xcassets */ = {isa = PBXFileReference; lastKnownFileType = folder.assetcatalog; path = Assets.xcassets; sourceTree = "<group>"; };
		6C5A15A829EFB6B00002FD72 /* Base */ = {isa = PBXFileReference; lastKnownFileType = file.storyboard; name = Base; path = Base.lproj/LaunchScreen.storyboard; sourceTree = "<group>"; };
		6C5A15AA29EFB6B00002FD72 /* Info.plist */ = {isa = PBXFileReference; lastKnownFileType = text.plist.xml; path = Info.plist; sourceTree = "<group>"; };
		6C5A15B329EFCFB20002FD72 /* Raleway-Black.ttf */ = {isa = PBXFileReference; lastKnownFileType = file; path = "Raleway-Black.ttf"; sourceTree = "<group>"; };
		6C5A15B529EFCFC00002FD72 /* Raleway-Light.ttf */ = {isa = PBXFileReference; lastKnownFileType = file; path = "Raleway-Light.ttf"; sourceTree = "<group>"; };
		6C5A15B729EFCFCA0002FD72 /* Raleway-Regular.ttf */ = {isa = PBXFileReference; lastKnownFileType = file; path = "Raleway-Regular.ttf"; sourceTree = "<group>"; };
		6C5A15B929EFD09E0002FD72 /* Raleway-Bold.ttf */ = {isa = PBXFileReference; lastKnownFileType = file; path = "Raleway-Bold.ttf"; sourceTree = "<group>"; };
		6C5A15BA29EFD09E0002FD72 /* Raleway-ThinItalic.ttf */ = {isa = PBXFileReference; lastKnownFileType = file; path = "Raleway-ThinItalic.ttf"; sourceTree = "<group>"; };
		6C5A15BB29EFD09E0002FD72 /* Raleway-Italic.ttf */ = {isa = PBXFileReference; lastKnownFileType = file; path = "Raleway-Italic.ttf"; sourceTree = "<group>"; };
		6C5A15BD29EFD09E0002FD72 /* Raleway-ExtraLight.ttf */ = {isa = PBXFileReference; lastKnownFileType = file; path = "Raleway-ExtraLight.ttf"; sourceTree = "<group>"; };
		6C5A15C029EFD09E0002FD72 /* Raleway-LightItalic.ttf */ = {isa = PBXFileReference; lastKnownFileType = file; path = "Raleway-LightItalic.ttf"; sourceTree = "<group>"; };
		6C5A15C129EFD09E0002FD72 /* Raleway-SemiBold.ttf */ = {isa = PBXFileReference; lastKnownFileType = file; path = "Raleway-SemiBold.ttf"; sourceTree = "<group>"; };
		6C5A15C229EFD09E0002FD72 /* Raleway-Medium.ttf */ = {isa = PBXFileReference; lastKnownFileType = file; path = "Raleway-Medium.ttf"; sourceTree = "<group>"; };
		6C5A15C329EFD09E0002FD72 /* Raleway-BlackItalic.ttf */ = {isa = PBXFileReference; lastKnownFileType = file; path = "Raleway-BlackItalic.ttf"; sourceTree = "<group>"; };
		6C5A15C429EFD09E0002FD72 /* Raleway-ExtraLightItalic.ttf */ = {isa = PBXFileReference; lastKnownFileType = file; path = "Raleway-ExtraLightItalic.ttf"; sourceTree = "<group>"; };
		6C5A15C529EFD09E0002FD72 /* Raleway-MediumItalic.ttf */ = {isa = PBXFileReference; lastKnownFileType = file; path = "Raleway-MediumItalic.ttf"; sourceTree = "<group>"; };
		6C5A15C629EFD09E0002FD72 /* Raleway-SemiBoldItalic.ttf */ = {isa = PBXFileReference; lastKnownFileType = file; path = "Raleway-SemiBoldItalic.ttf"; sourceTree = "<group>"; };
		6C5A15C729EFD09F0002FD72 /* Raleway-Thin.ttf */ = {isa = PBXFileReference; lastKnownFileType = file; path = "Raleway-Thin.ttf"; sourceTree = "<group>"; };
		6C5A15C829EFD09F0002FD72 /* Raleway-ExtraBold.ttf */ = {isa = PBXFileReference; lastKnownFileType = file; path = "Raleway-ExtraBold.ttf"; sourceTree = "<group>"; };
		6C5A15C929EFD09F0002FD72 /* Raleway-ExtraBoldItalic.ttf */ = {isa = PBXFileReference; lastKnownFileType = file; path = "Raleway-ExtraBoldItalic.ttf"; sourceTree = "<group>"; };
		6C5A15CA29EFD09F0002FD72 /* Raleway-BoldItalic.ttf */ = {isa = PBXFileReference; lastKnownFileType = file; path = "Raleway-BoldItalic.ttf"; sourceTree = "<group>"; };
		6C5A15DD29EFD52A0002FD72 /* Globals.swift */ = {isa = PBXFileReference; lastKnownFileType = sourcecode.swift; path = Globals.swift; sourceTree = "<group>"; };
		6C63906B29F12DA900843908 /* AdviceViewController.swift */ = {isa = PBXFileReference; lastKnownFileType = sourcecode.swift; path = AdviceViewController.swift; sourceTree = "<group>"; };
		6CF4737129EFF61C0018E357 /* WeatherAPICaller.swift */ = {isa = PBXFileReference; lastKnownFileType = sourcecode.swift; path = WeatherAPICaller.swift; sourceTree = "<group>"; };
		6CF4737429F003F70018E357 /* CurrentWeather.swift */ = {isa = PBXFileReference; lastKnownFileType = sourcecode.swift; path = CurrentWeather.swift; sourceTree = "<group>"; };
		D6BAD2B0A757E96A2B797E46 /* Pods-simpleWeatherApp.debug.xcconfig */ = {isa = PBXFileReference; includeInIndex = 1; lastKnownFileType = text.xcconfig; name = "Pods-simpleWeatherApp.debug.xcconfig"; path = "Target Support Files/Pods-simpleWeatherApp/Pods-simpleWeatherApp.debug.xcconfig"; sourceTree = "<group>"; };
/* End PBXFileReference section */

/* Begin PBXFrameworksBuildPhase section */
		6C5A159629EFB6AE0002FD72 /* Frameworks */ = {
			isa = PBXFrameworksBuildPhase;
			buildActionMask = 2147483647;
			files = (
				796306AB5DB9BC1C55F841B4 /* Pods_simpleWeatherApp.framework in Frameworks */,
			);
			runOnlyForDeploymentPostprocessing = 0;
		};
/* End PBXFrameworksBuildPhase section */

/* Begin PBXGroup section */
		6C5A159029EFB6AE0002FD72 = {
			isa = PBXGroup;
			children = (
				6C5A159B29EFB6AE0002FD72 /* simpleWeatherApp */,
				6C5A159A29EFB6AE0002FD72 /* Products */,
				EECA81028BF50351F583DDCA /* Pods */,
				F1EBCF64FD0D8508A82B7C9B /* Frameworks */,
			);
			sourceTree = "<group>";
		};
		6C5A159A29EFB6AE0002FD72 /* Products */ = {
			isa = PBXGroup;
			children = (
				6C5A159929EFB6AE0002FD72 /* simpleWeatherApp.app */,
			);
			name = Products;
			sourceTree = "<group>";
		};
		6C5A159B29EFB6AE0002FD72 /* simpleWeatherApp */ = {
			isa = PBXGroup;
			children = (
				6C5A15B029EFCEF90002FD72 /* Resources */,
				6CF4736F29EFF6040018E357 /* Managers */,
				6CF4737329F003C90018E357 /* Model */,
				6C5A15B129EFCF0B0002FD72 /* Controllers */,
				6C5A159C29EFB6AE0002FD72 /* AppDelegate.swift */,
				6C5A159E29EFB6AE0002FD72 /* SceneDelegate.swift */,
				6C5A15A229EFB6AE0002FD72 /* Main.storyboard */,
				6C5A15A529EFB6B00002FD72 /* Assets.xcassets */,
				6C5A15A729EFB6B00002FD72 /* LaunchScreen.storyboard */,
				6C5A15AA29EFB6B00002FD72 /* Info.plist */,
			);
			path = simpleWeatherApp;
			sourceTree = "<group>";
		};
		6C5A15B029EFCEF90002FD72 /* Resources */ = {
			isa = PBXGroup;
			children = (
				6C5A15B229EFCF2C0002FD72 /* Fonts */,
				6C5A15DD29EFD52A0002FD72 /* Globals.swift */,
			);
			path = Resources;
			sourceTree = "<group>";
		};
		6C5A15B129EFCF0B0002FD72 /* Controllers */ = {
			isa = PBXGroup;
			children = (
				6C5A15A029EFB6AE0002FD72 /* MainViewController.swift */,
				6C63906B29F12DA900843908 /* AdviceViewController.swift */,
			);
			path = Controllers;
			sourceTree = "<group>";
		};
		6C5A15B229EFCF2C0002FD72 /* Fonts */ = {
			isa = PBXGroup;
			children = (
				6C5A15C329EFD09E0002FD72 /* Raleway-BlackItalic.ttf */,
				6C5A15B929EFD09E0002FD72 /* Raleway-Bold.ttf */,
				6C5A15CA29EFD09F0002FD72 /* Raleway-BoldItalic.ttf */,
				6C5A15C829EFD09F0002FD72 /* Raleway-ExtraBold.ttf */,
				6C5A15C929EFD09F0002FD72 /* Raleway-ExtraBoldItalic.ttf */,
				6C5A15BD29EFD09E0002FD72 /* Raleway-ExtraLight.ttf */,
				6C5A15C429EFD09E0002FD72 /* Raleway-ExtraLightItalic.ttf */,
				6C5A15BB29EFD09E0002FD72 /* Raleway-Italic.ttf */,
				6C5A15C029EFD09E0002FD72 /* Raleway-LightItalic.ttf */,
				6C5A15C229EFD09E0002FD72 /* Raleway-Medium.ttf */,
				6C5A15C529EFD09E0002FD72 /* Raleway-MediumItalic.ttf */,
				6C5A15C129EFD09E0002FD72 /* Raleway-SemiBold.ttf */,
				6C5A15C629EFD09E0002FD72 /* Raleway-SemiBoldItalic.ttf */,
				6C5A15C729EFD09F0002FD72 /* Raleway-Thin.ttf */,
				6C5A15BA29EFD09E0002FD72 /* Raleway-ThinItalic.ttf */,
				6C5A15B329EFCFB20002FD72 /* Raleway-Black.ttf */,
				6C5A15B529EFCFC00002FD72 /* Raleway-Light.ttf */,
				6C5A15B729EFCFCA0002FD72 /* Raleway-Regular.ttf */,
			);
			path = Fonts;
			sourceTree = "<group>";
		};
		6CF4736F29EFF6040018E357 /* Managers */ = {
			isa = PBXGroup;
			children = (
				6CF4737129EFF61C0018E357 /* WeatherAPICaller.swift */,
			);
			path = Managers;
			sourceTree = "<group>";
		};
		6CF4737329F003C90018E357 /* Model */ = {
			isa = PBXGroup;
			children = (
				6CF4737429F003F70018E357 /* CurrentWeather.swift */,
			);
			path = Model;
			sourceTree = "<group>";
		};
		EECA81028BF50351F583DDCA /* Pods */ = {
			isa = PBXGroup;
			children = (
				D6BAD2B0A757E96A2B797E46 /* Pods-simpleWeatherApp.debug.xcconfig */,
				330EB33FC7149B2640D5B80F /* Pods-simpleWeatherApp.release.xcconfig */,
			);
			path = Pods;
			sourceTree = "<group>";
		};
		F1EBCF64FD0D8508A82B7C9B /* Frameworks */ = {
			isa = PBXGroup;
			children = (
				129A58C304030AEE3E8F58F7 /* Pods_simpleWeatherApp.framework */,
			);
			name = Frameworks;
			sourceTree = "<group>";
		};
/* End PBXGroup section */

/* Begin PBXNativeTarget section */
		6C5A159829EFB6AE0002FD72 /* simpleWeatherApp */ = {
			isa = PBXNativeTarget;
			buildConfigurationList = 6C5A15AD29EFB6B00002FD72 /* Build configuration list for PBXNativeTarget "simpleWeatherApp" */;
			buildPhases = (
				DD52D7824679254AFD8BF4DA /* [CP] Check Pods Manifest.lock */,
				6C5A159529EFB6AE0002FD72 /* Sources */,
				6C5A159629EFB6AE0002FD72 /* Frameworks */,
				6C5A159729EFB6AE0002FD72 /* Resources */,
				9949BC27EDC4CDA2D705BCB1 /* [CP] Embed Pods Frameworks */,
			);
			buildRules = (
			);
			dependencies = (
			);
			name = simpleWeatherApp;
			productName = simpleWeatherApp;
			productReference = 6C5A159929EFB6AE0002FD72 /* simpleWeatherApp.app */;
			productType = "com.apple.product-type.application";
		};
/* End PBXNativeTarget section */

/* Begin PBXProject section */
		6C5A159129EFB6AE0002FD72 /* Project object */ = {
			isa = PBXProject;
			attributes = {
				BuildIndependentTargetsInParallel = 1;
				LastSwiftUpdateCheck = 1430;
				LastUpgradeCheck = 1430;
				TargetAttributes = {
					6C5A159829EFB6AE0002FD72 = {
						CreatedOnToolsVersion = 14.3;
					};
				};
			};
			buildConfigurationList = 6C5A159429EFB6AE0002FD72 /* Build configuration list for PBXProject "simpleWeatherApp" */;
			compatibilityVersion = "Xcode 14.0";
			developmentRegion = en;
			hasScannedForEncodings = 0;
			knownRegions = (
				en,
				Base,
			);
			mainGroup = 6C5A159029EFB6AE0002FD72;
			productRefGroup = 6C5A159A29EFB6AE0002FD72 /* Products */;
			projectDirPath = "";
			projectRoot = "";
			targets = (
				6C5A159829EFB6AE0002FD72 /* simpleWeatherApp */,
			);
		};
/* End PBXProject section */

/* Begin PBXResourcesBuildPhase section */
		6C5A159729EFB6AE0002FD72 /* Resources */ = {
			isa = PBXResourcesBuildPhase;
			buildActionMask = 2147483647;
			files = (
				6C5A15CB29EFD09F0002FD72 /* Raleway-Bold.ttf in Resources */,
				6C5A15D429EFD09F0002FD72 /* Raleway-Medium.ttf in Resources */,
				6C5A15DC29EFD09F0002FD72 /* Raleway-BoldItalic.ttf in Resources */,
				6C5A15CD29EFD09F0002FD72 /* Raleway-Italic.ttf in Resources */,
				6C5A15DB29EFD09F0002FD72 /* Raleway-ExtraBoldItalic.ttf in Resources */,
				6C5A15D229EFD09F0002FD72 /* Raleway-LightItalic.ttf in Resources */,
				6C5A15D829EFD09F0002FD72 /* Raleway-SemiBoldItalic.ttf in Resources */,
				6C5A15D929EFD09F0002FD72 /* Raleway-Thin.ttf in Resources */,
				6C5A15B429EFCFB20002FD72 /* Raleway-Black.ttf in Resources */,
				6C5A15B829EFCFCA0002FD72 /* Raleway-Regular.ttf in Resources */,
				6C5A15B629EFCFC00002FD72 /* Raleway-Light.ttf in Resources */,
				6C5A15DA29EFD09F0002FD72 /* Raleway-ExtraBold.ttf in Resources */,
				6C5A15A929EFB6B00002FD72 /* LaunchScreen.storyboard in Resources */,
				6C5A15CC29EFD09F0002FD72 /* Raleway-ThinItalic.ttf in Resources */,
				6C5A15D329EFD09F0002FD72 /* Raleway-SemiBold.ttf in Resources */,
				6C5A15D629EFD09F0002FD72 /* Raleway-ExtraLightItalic.ttf in Resources */,
				6C5A15CF29EFD09F0002FD72 /* Raleway-ExtraLight.ttf in Resources */,
				6C5A15D729EFD09F0002FD72 /* Raleway-MediumItalic.ttf in Resources */,
				6C5A15A629EFB6B00002FD72 /* Assets.xcassets in Resources */,
				6C5A15A429EFB6AE0002FD72 /* Main.storyboard in Resources */,
				6C5A15D529EFD09F0002FD72 /* Raleway-BlackItalic.ttf in Resources */,
			);
			runOnlyForDeploymentPostprocessing = 0;
		};
/* End PBXResourcesBuildPhase section */

/* Begin PBXShellScriptBuildPhase section */
		9949BC27EDC4CDA2D705BCB1 /* [CP] Embed Pods Frameworks */ = {
			isa = PBXShellScriptBuildPhase;
			buildActionMask = 2147483647;
			files = (
			);
			inputFileListPaths = (
				"${PODS_ROOT}/Target Support Files/Pods-simpleWeatherApp/Pods-simpleWeatherApp-frameworks-${CONFIGURATION}-input-files.xcfilelist",
			);
			name = "[CP] Embed Pods Frameworks";
			outputFileListPaths = (
				"${PODS_ROOT}/Target Support Files/Pods-simpleWeatherApp/Pods-simpleWeatherApp-frameworks-${CONFIGURATION}-output-files.xcfilelist",
			);
			runOnlyForDeploymentPostprocessing = 0;
			shellPath = /bin/sh;
			shellScript = "\"${PODS_ROOT}/Target Support Files/Pods-simpleWeatherApp/Pods-simpleWeatherApp-frameworks.sh\"\n";
			showEnvVarsInLog = 0;
		};
		DD52D7824679254AFD8BF4DA /* [CP] Check Pods Manifest.lock */ = {
			isa = PBXShellScriptBuildPhase;
			buildActionMask = 2147483647;
			files = (
			);
			inputFileListPaths = (
			);
			inputPaths = (
				"${PODS_PODFILE_DIR_PATH}/Podfile.lock",
				"${PODS_ROOT}/Manifest.lock",
			);
			name = "[CP] Check Pods Manifest.lock";
			outputFileListPaths = (
			);
			outputPaths = (
				"$(DERIVED_FILE_DIR)/Pods-simpleWeatherApp-checkManifestLockResult.txt",
			);
			runOnlyForDeploymentPostprocessing = 0;
			shellPath = /bin/sh;
			shellScript = "diff \"${PODS_PODFILE_DIR_PATH}/Podfile.lock\" \"${PODS_ROOT}/Manifest.lock\" > /dev/null\nif [ $? != 0 ] ; then\n    # print error to STDERR\n    echo \"error: The sandbox is not in sync with the Podfile.lock. Run 'pod install' or update your CocoaPods installation.\" >&2\n    exit 1\nfi\n# This output is used by Xcode 'outputs' to avoid re-running this script phase.\necho \"SUCCESS\" > \"${SCRIPT_OUTPUT_FILE_0}\"\n";
			showEnvVarsInLog = 0;
		};
/* End PBXShellScriptBuildPhase section */

/* Begin PBXSourcesBuildPhase section */
		6C5A159529EFB6AE0002FD72 /* Sources */ = {
			isa = PBXSourcesBuildPhase;
			buildActionMask = 2147483647;
			files = (
				6CF4737229EFF61C0018E357 /* WeatherAPICaller.swift in Sources */,
				6C5A15DE29EFD52A0002FD72 /* Globals.swift in Sources */,
				6C5A15A129EFB6AE0002FD72 /* MainViewController.swift in Sources */,
				6C63906C29F12DA900843908 /* AdviceViewController.swift in Sources */,
				6C5A159D29EFB6AE0002FD72 /* AppDelegate.swift in Sources */,
				6CF4737529F003F70018E357 /* CurrentWeather.swift in Sources */,
				6C5A159F29EFB6AE0002FD72 /* SceneDelegate.swift in Sources */,
			);
			runOnlyForDeploymentPostprocessing = 0;
		};
/* End PBXSourcesBuildPhase section */

/* Begin PBXVariantGroup section */
		6C5A15A229EFB6AE0002FD72 /* Main.storyboard */ = {
			isa = PBXVariantGroup;
			children = (
				6C5A15A329EFB6AE0002FD72 /* Base */,
			);
			name = Main.storyboard;
			sourceTree = "<group>";
		};
		6C5A15A729EFB6B00002FD72 /* LaunchScreen.storyboard */ = {
			isa = PBXVariantGroup;
			children = (
				6C5A15A829EFB6B00002FD72 /* Base */,
			);
			name = LaunchScreen.storyboard;
			sourceTree = "<group>";
		};
/* End PBXVariantGroup section */

/* Begin XCBuildConfiguration section */
		6C5A15AB29EFB6B00002FD72 /* Debug */ = {
			isa = XCBuildConfiguration;
			buildSettings = {
				ALWAYS_SEARCH_USER_PATHS = NO;
				CLANG_ANALYZER_NONNULL = YES;
				CLANG_ANALYZER_NUMBER_OBJECT_CONVERSION = YES_AGGRESSIVE;
				CLANG_CXX_LANGUAGE_STANDARD = "gnu++20";
				CLANG_ENABLE_MODULES = YES;
				CLANG_ENABLE_OBJC_ARC = YES;
				CLANG_ENABLE_OBJC_WEAK = YES;
				CLANG_WARN_BLOCK_CAPTURE_AUTORELEASING = YES;
				CLANG_WARN_BOOL_CONVERSION = YES;
				CLANG_WARN_COMMA = YES;
				CLANG_WARN_CONSTANT_CONVERSION = YES;
				CLANG_WARN_DEPRECATED_OBJC_IMPLEMENTATIONS = YES;
				CLANG_WARN_DIRECT_OBJC_ISA_USAGE = YES_ERROR;
				CLANG_WARN_DOCUMENTATION_COMMENTS = YES;
				CLANG_WARN_EMPTY_BODY = YES;
				CLANG_WARN_ENUM_CONVERSION = YES;
				CLANG_WARN_INFINITE_RECURSION = YES;
				CLANG_WARN_INT_CONVERSION = YES;
				CLANG_WARN_NON_LITERAL_NULL_CONVERSION = YES;
				CLANG_WARN_OBJC_IMPLICIT_RETAIN_SELF = YES;
				CLANG_WARN_OBJC_LITERAL_CONVERSION = YES;
				CLANG_WARN_OBJC_ROOT_CLASS = YES_ERROR;
				CLANG_WARN_QUOTED_INCLUDE_IN_FRAMEWORK_HEADER = YES;
				CLANG_WARN_RANGE_LOOP_ANALYSIS = YES;
				CLANG_WARN_STRICT_PROTOTYPES = YES;
				CLANG_WARN_SUSPICIOUS_MOVE = YES;
				CLANG_WARN_UNGUARDED_AVAILABILITY = YES_AGGRESSIVE;
				CLANG_WARN_UNREACHABLE_CODE = YES;
				CLANG_WARN__DUPLICATE_METHOD_MATCH = YES;
				COPY_PHASE_STRIP = NO;
				DEBUG_INFORMATION_FORMAT = dwarf;
				ENABLE_STRICT_OBJC_MSGSEND = YES;
				ENABLE_TESTABILITY = YES;
				GCC_C_LANGUAGE_STANDARD = gnu11;
				GCC_DYNAMIC_NO_PIC = NO;
				GCC_NO_COMMON_BLOCKS = YES;
				GCC_OPTIMIZATION_LEVEL = 0;
				GCC_PREPROCESSOR_DEFINITIONS = (
					"DEBUG=1",
					"$(inherited)",
				);
				GCC_WARN_64_TO_32_BIT_CONVERSION = YES;
				GCC_WARN_ABOUT_RETURN_TYPE = YES_ERROR;
				GCC_WARN_UNDECLARED_SELECTOR = YES;
				GCC_WARN_UNINITIALIZED_AUTOS = YES_AGGRESSIVE;
				GCC_WARN_UNUSED_FUNCTION = YES;
				GCC_WARN_UNUSED_VARIABLE = YES;
				IPHONEOS_DEPLOYMENT_TARGET = 16.4;
				MTL_ENABLE_DEBUG_INFO = INCLUDE_SOURCE;
				MTL_FAST_MATH = YES;
				ONLY_ACTIVE_ARCH = YES;
				SDKROOT = iphoneos;
				SWIFT_ACTIVE_COMPILATION_CONDITIONS = DEBUG;
				SWIFT_OPTIMIZATION_LEVEL = "-Onone";
			};
			name = Debug;
		};
		6C5A15AC29EFB6B00002FD72 /* Release */ = {
			isa = XCBuildConfiguration;
			buildSettings = {
				ALWAYS_SEARCH_USER_PATHS = NO;
				CLANG_ANALYZER_NONNULL = YES;
				CLANG_ANALYZER_NUMBER_OBJECT_CONVERSION = YES_AGGRESSIVE;
				CLANG_CXX_LANGUAGE_STANDARD = "gnu++20";
				CLANG_ENABLE_MODULES = YES;
				CLANG_ENABLE_OBJC_ARC = YES;
				CLANG_ENABLE_OBJC_WEAK = YES;
				CLANG_WARN_BLOCK_CAPTURE_AUTORELEASING = YES;
				CLANG_WARN_BOOL_CONVERSION = YES;
				CLANG_WARN_COMMA = YES;
				CLANG_WARN_CONSTANT_CONVERSION = YES;
				CLANG_WARN_DEPRECATED_OBJC_IMPLEMENTATIONS = YES;
				CLANG_WARN_DIRECT_OBJC_ISA_USAGE = YES_ERROR;
				CLANG_WARN_DOCUMENTATION_COMMENTS = YES;
				CLANG_WARN_EMPTY_BODY = YES;
				CLANG_WARN_ENUM_CONVERSION = YES;
				CLANG_WARN_INFINITE_RECURSION = YES;
				CLANG_WARN_INT_CONVERSION = YES;
				CLANG_WARN_NON_LITERAL_NULL_CONVERSION = YES;
				CLANG_WARN_OBJC_IMPLICIT_RETAIN_SELF = YES;
				CLANG_WARN_OBJC_LITERAL_CONVERSION = YES;
				CLANG_WARN_OBJC_ROOT_CLASS = YES_ERROR;
				CLANG_WARN_QUOTED_INCLUDE_IN_FRAMEWORK_HEADER = YES;
				CLANG_WARN_RANGE_LOOP_ANALYSIS = YES;
				CLANG_WARN_STRICT_PROTOTYPES = YES;
				CLANG_WARN_SUSPICIOUS_MOVE = YES;
				CLANG_WARN_UNGUARDED_AVAILABILITY = YES_AGGRESSIVE;
				CLANG_WARN_UNREACHABLE_CODE = YES;
				CLANG_WARN__DUPLICATE_METHOD_MATCH = YES;
				COPY_PHASE_STRIP = NO;
				DEBUG_INFORMATION_FORMAT = "dwarf-with-dsym";
				ENABLE_NS_ASSERTIONS = NO;
				ENABLE_STRICT_OBJC_MSGSEND = YES;
				GCC_C_LANGUAGE_STANDARD = gnu11;
				GCC_NO_COMMON_BLOCKS = YES;
				GCC_WARN_64_TO_32_BIT_CONVERSION = YES;
				GCC_WARN_ABOUT_RETURN_TYPE = YES_ERROR;
				GCC_WARN_UNDECLARED_SELECTOR = YES;
				GCC_WARN_UNINITIALIZED_AUTOS = YES_AGGRESSIVE;
				GCC_WARN_UNUSED_FUNCTION = YES;
				GCC_WARN_UNUSED_VARIABLE = YES;
				IPHONEOS_DEPLOYMENT_TARGET = 16.4;
				MTL_ENABLE_DEBUG_INFO = NO;
				MTL_FAST_MATH = YES;
				SDKROOT = iphoneos;
				SWIFT_COMPILATION_MODE = wholemodule;
				SWIFT_OPTIMIZATION_LEVEL = "-O";
				VALIDATE_PRODUCT = YES;
			};
			name = Release;
		};
		6C5A15AE29EFB6B00002FD72 /* Debug */ = {
			isa = XCBuildConfiguration;
			baseConfigurationReference = D6BAD2B0A757E96A2B797E46 /* Pods-simpleWeatherApp.debug.xcconfig */;
			buildSettings = {
				ASSETCATALOG_COMPILER_APPICON_NAME = AppIcon;
				ASSETCATALOG_COMPILER_GLOBAL_ACCENT_COLOR_NAME = AccentColor;
				CODE_SIGN_STYLE = Automatic;
				CURRENT_PROJECT_VERSION = 1;
				DEVELOPMENT_TEAM = S9R6HFZ747;
				GENERATE_INFOPLIST_FILE = YES;
				INFOPLIST_FILE = simpleWeatherApp/Info.plist;
				INFOPLIST_KEY_CFBundleDisplayName = "FIts for my Weather";
				INFOPLIST_KEY_UIApplicationSupportsIndirectInputEvents = YES;
				INFOPLIST_KEY_UILaunchStoryboardName = LaunchScreen;
				INFOPLIST_KEY_UIMainStoryboardFile = Main;
				INFOPLIST_KEY_UISupportedInterfaceOrientations_iPad = "UIInterfaceOrientationPortrait UIInterfaceOrientationPortraitUpsideDown UIInterfaceOrientationLandscapeLeft UIInterfaceOrientationLandscapeRight";
				INFOPLIST_KEY_UISupportedInterfaceOrientations_iPhone = "UIInterfaceOrientationPortrait UIInterfaceOrientationLandscapeLeft UIInterfaceOrientationLandscapeRight";
				LD_RUNPATH_SEARCH_PATHS = (
					"$(inherited)",
					"@executable_path/Frameworks",
				);
				MARKETING_VERSION = 1.0;
				PRODUCT_BUNDLE_IDENTIFIER = com.jobie.simpleWeatherApp;
				PRODUCT_NAME = "$(TARGET_NAME)";
				SWIFT_EMIT_LOC_STRINGS = YES;
				SWIFT_VERSION = 5.0;
				TARGETED_DEVICE_FAMILY = "1,2";
			};
			name = Debug;
		};
		6C5A15AF29EFB6B00002FD72 /* Release */ = {
			isa = XCBuildConfiguration;
			baseConfigurationReference = 330EB33FC7149B2640D5B80F /* Pods-simpleWeatherApp.release.xcconfig */;
			buildSettings = {
				ASSETCATALOG_COMPILER_APPICON_NAME = AppIcon;
				ASSETCATALOG_COMPILER_GLOBAL_ACCENT_COLOR_NAME = AccentColor;
				CODE_SIGN_STYLE = Automatic;
				CURRENT_PROJECT_VERSION = 1;
				DEVELOPMENT_TEAM = S9R6HFZ747;
				GENERATE_INFOPLIST_FILE = YES;
				INFOPLIST_FILE = simpleWeatherApp/Info.plist;
				INFOPLIST_KEY_CFBundleDisplayName = "FIts for my Weather";
				INFOPLIST_KEY_UIApplicationSupportsIndirectInputEvents = YES;
				INFOPLIST_KEY_UILaunchStoryboardName = LaunchScreen;
				INFOPLIST_KEY_UIMainStoryboardFile = Main;
				INFOPLIST_KEY_UISupportedInterfaceOrientations_iPad = "UIInterfaceOrientationPortrait UIInterfaceOrientationPortraitUpsideDown UIInterfaceOrientationLandscapeLeft UIInterfaceOrientationLandscapeRight";
				INFOPLIST_KEY_UISupportedInterfaceOrientations_iPhone = "UIInterfaceOrientationPortrait UIInterfaceOrientationLandscapeLeft UIInterfaceOrientationLandscapeRight";
				LD_RUNPATH_SEARCH_PATHS = (
					"$(inherited)",
					"@executable_path/Frameworks",
				);
				MARKETING_VERSION = 1.0;
				PRODUCT_BUNDLE_IDENTIFIER = com.jobie.simpleWeatherApp;
				PRODUCT_NAME = "$(TARGET_NAME)";
				SWIFT_EMIT_LOC_STRINGS = YES;
				SWIFT_VERSION = 5.0;
				TARGETED_DEVICE_FAMILY = "1,2";
			};
			name = Release;
		};
/* End XCBuildConfiguration section */

/* Begin XCConfigurationList section */
		6C5A159429EFB6AE0002FD72 /* Build configuration list for PBXProject "simpleWeatherApp" */ = {
			isa = XCConfigurationList;
			buildConfigurations = (
				6C5A15AB29EFB6B00002FD72 /* Debug */,
				6C5A15AC29EFB6B00002FD72 /* Release */,
			);
			defaultConfigurationIsVisible = 0;
			defaultConfigurationName = Release;
		};
		6C5A15AD29EFB6B00002FD72 /* Build configuration list for PBXNativeTarget "simpleWeatherApp" */ = {
			isa = XCConfigurationList;
			buildConfigurations = (
				6C5A15AE29EFB6B00002FD72 /* Debug */,
				6C5A15AF29EFB6B00002FD72 /* Release */,
			);
			defaultConfigurationIsVisible = 0;
			defaultConfigurationName = Release;
		};
/* End XCConfigurationList section */
	};
	rootObject = 6C5A159129EFB6AE0002FD72 /* Project object */;
}
